
Microsoft Visual Studio Solution File, Format Version 12.00
# Visual Studio Version 17
VisualStudioVersion = 17.5.33414.496
MinimumVisualStudioVersion = 10.0.40219.1
Project("{9A19103F-16F7-4668-BE54-9A1E7A4F7556}") = "DataAccess", "DataAccess\DataAccess.csproj", "{F6CC018C-72A8-42AE-9A26-7212976B300E}"
EndProject
Project("{9A19103F-16F7-4668-BE54-9A1E7A4F7556}") = "APIRental", "APIRental\APIRental.csproj", "{0E15C071-08D0-4AC2-80DB-12CDE99501AB}"
EndProject
Project("{9A19103F-16F7-4668-BE54-9A1E7A4F7556}") = "VehicleManager", "VehicleManager\VehicleManager.csproj", "{65B462D4-8237-4FFD-A68B-0C9B2B3A4A9F}"
EndProject
Global
	GlobalSection(SolutionConfigurationPlatforms) = preSolution
		Debug|Any CPU = Debug|Any CPU
		Release|Any CPU = Release|Any CPU
	EndGlobalSection
	GlobalSection(ProjectConfigurationPlatforms) = postSolution
		{F6CC018C-72A8-42AE-9A26-7212976B300E}.Debug|Any CPU.ActiveCfg = Debug|Any CPU
		{F6CC018C-72A8-42AE-9A26-7212976B300E}.Debug|Any CPU.Build.0 = Debug|Any CPU
		{F6CC018C-72A8-42AE-9A26-7212976B300E}.Release|Any CPU.ActiveCfg = Release|Any CPU
		{F6CC018C-72A8-42AE-9A26-7212976B300E}.Release|Any CPU.Build.0 = Release|Any CPU
		{0E15C071-08D0-4AC2-80DB-12CDE99501AB}.Debug|Any CPU.ActiveCfg = Debug|Any CPU
		{0E15C071-08D0-4AC2-80DB-12CDE99501AB}.Debug|Any CPU.Build.0 = Debug|Any CPU
		{0E15C071-08D0-4AC2-80DB-12CDE99501AB}.Release|Any CPU.ActiveCfg = Release|Any CPU
		{0E15C071-08D0-4AC2-80DB-12CDE99501AB}.Release|Any CPU.Build.0 = Release|Any CPU
		{65B462D4-8237-4FFD-A68B-0C9B2B3A4A9F}.Debug|Any CPU.ActiveCfg = Debug|Any CPU
		{65B462D4-8237-4FFD-A68B-0C9B2B3A4A9F}.Debug|Any CPU.Build.0 = Debug|Any CPU
		{65B462D4-8237-4FFD-A68B-0C9B2B3A4A9F}.Release|Any CPU.ActiveCfg = Release|Any CPU
		{65B462D4-8237-4FFD-A68B-0C9B2B3A4A9F}.Release|Any CPU.Build.0 = Release|Any CPU
	EndGlobalSection
	GlobalSection(SolutionProperties) = preSolution
		HideSolutionNode = FALSE
	EndGlobalSection
	GlobalSection(ExtensibilityGlobals) = postSolution
		SolutionGuid = {F15E0F06-95FC-4876-AD58-C5AD6C5DC00B}
	EndGlobalSection
EndGlobal
